PODS:
  - JustLayout (1.6.1):
    - JustLayout/Core (= 1.6.1)
  - JustLayout/Core (1.6.1)
  - MiniToast (1.0.1):
    - JustLayout

DEPENDENCIES:
  - MiniToast (from `../`)

SPEC REPOS:
  https://github.com/cocoapods/specs.git:
    - JustLayout

EXTERNAL SOURCES:
  MiniToast:
    :path: "../"

SPEC CHECKSUMS:
  JustLayout: 93629690e8b1512c7dbfa6a37797eda9983327e2
  MiniToast: 1c094a7f486f3e49701ef9368c2d5d5367e61cf1

PODFILE CHECKSUM: 16b8445966c762cbee95bb6bd6356e73b8e44edd

COCOAPODS: 1.7.0.beta.3
